
Microsoft Visual Studio Solution File, Format Version 12.00
# Visual Studio 2012
Project("{FAE04EC0-301F-11D3-BF4B-00C04F79EFBC}") = "RoundTheCode.ByteTurn", "RoundTheCode.ByteTurn\RoundTheCode.ByteTurn.csproj", "{89E8F8F5-B8CF-4038-82DB-BB2F36BB506F}"
EndProject
Project("{FAE04EC0-301F-11D3-BF4B-00C04F79EFBC}") = "RoundTheCode.ByteTurn.Console", "RoundTheCode.ByteTurn.Console\RoundTheCode.ByteTurn.Console.csproj", "{8FC2E27C-498E-4D1D-ADFA-4130BCCA0BB3}"
EndProject
Global
	GlobalSection(SolutionConfigurationPlatforms) = preSolution
		Debug|Any CPU = Debug|Any CPU
		Release|Any CPU = Release|Any CPU
	EndGlobalSection
	GlobalSection(ProjectConfigurationPlatforms) = postSolution
		{89E8F8F5-B8CF-4038-82DB-BB2F36BB506F}.Debug|Any CPU.ActiveCfg = Debug|Any CPU
		{89E8F8F5-B8CF-4038-82DB-BB2F36BB506F}.Debug|Any CPU.Build.0 = Debug|Any CPU
		{89E8F8F5-B8CF-4038-82DB-BB2F36BB506F}.Release|Any CPU.ActiveCfg = Release|Any CPU
		{89E8F8F5-B8CF-4038-82DB-BB2F36BB506F}.Release|Any CPU.Build.0 = Release|Any CPU
		{8FC2E27C-498E-4D1D-ADFA-4130BCCA0BB3}.Debug|Any CPU.ActiveCfg = Debug|Any CPU
		{8FC2E27C-498E-4D1D-ADFA-4130BCCA0BB3}.Debug|Any CPU.Build.0 = Debug|Any CPU
		{8FC2E27C-498E-4D1D-ADFA-4130BCCA0BB3}.Release|Any CPU.ActiveCfg = Release|Any CPU
		{8FC2E27C-498E-4D1D-ADFA-4130BCCA0BB3}.Release|Any CPU.Build.0 = Release|Any CPU
	EndGlobalSection
	GlobalSection(SolutionProperties) = preSolution
		HideSolutionNode = FALSE
	EndGlobalSection
EndGlobal
